
Microsoft Visual Studio Solution File, Format Version 12.00
# Visual Studio Version 17
VisualStudioVersion = 17.6.33829.357
MinimumVisualStudioVersion = 10.0.40219.1
Project("{FAE04EC0-301F-11D3-BF4B-00C04F79EFBC}") = "ISPViolationApp", "ISPViolationApp\ISPViolationApp.csproj", "{77ECC124-57E9-4203-8DF0-D28B1D1C665B}"
EndProject
Project("{FAE04EC0-301F-11D3-BF4B-00C04F79EFBC}") = "ISPSolutionApp", "ISPSolutionApp\ISPSolutionApp.csproj", "{E2C7D4CB-8EBA-4637-9945-2AA8BB3BC433}"
EndProject
Global
	GlobalSection(SolutionConfigurationPlatforms) = preSolution
		Debug|Any CPU = Debug|Any CPU
		Release|Any CPU = Release|Any CPU
	EndGlobalSection
	GlobalSection(ProjectConfigurationPlatforms) = postSolution
		{77ECC124-57E9-4203-8DF0-D28B1D1C665B}.Debug|Any CPU.ActiveCfg = Debug|Any CPU
		{77ECC124-57E9-4203-8DF0-D28B1D1C665B}.Debug|Any CPU.Build.0 = Debug|Any CPU
		{77ECC124-57E9-4203-8DF0-D28B1D1C665B}.Release|Any CPU.ActiveCfg = Release|Any CPU
		{77ECC124-57E9-4203-8DF0-D28B1D1C665B}.Release|Any CPU.Build.0 = Release|Any CPU
		{E2C7D4CB-8EBA-4637-9945-2AA8BB3BC433}.Debug|Any CPU.ActiveCfg = Debug|Any CPU
		{E2C7D4CB-8EBA-4637-9945-2AA8BB3BC433}.Debug|Any CPU.Build.0 = Debug|Any CPU
		{E2C7D4CB-8EBA-4637-9945-2AA8BB3BC433}.Release|Any CPU.ActiveCfg = Release|Any CPU
		{E2C7D4CB-8EBA-4637-9945-2AA8BB3BC433}.Release|Any CPU.Build.0 = Release|Any CPU
	EndGlobalSection
	GlobalSection(SolutionProperties) = preSolution
		HideSolutionNode = FALSE
	EndGlobalSection
	GlobalSection(ExtensibilityGlobals) = postSolution
		SolutionGuid = {07D52D95-9AA9-46A4-BA6D-E138A4124C90}
	EndGlobalSection
EndGlobal
